
Microsoft Visual Studio Solution File, Format Version 12.00
# Visual Studio Version 16
VisualStudioVersion = 16.0.31729.503
MinimumVisualStudioVersion = 10.0.40219.1
Project("{FAE04EC0-301F-11D3-BF4B-00C04F79EFBC}") = "MVC_ODEV", "MVC_ODEV\MVC_ODEV.csproj", "{730A1CE2-A1DB-4A9C-8BDC-43E717E02780}"
EndProject
Global
	GlobalSection(SolutionConfigurationPlatforms) = preSolution
		Debug|Any CPU = Debug|Any CPU
		Release|Any CPU = Release|Any CPU
	EndGlobalSection
	GlobalSection(ProjectConfigurationPlatforms) = postSolution
		{730A1CE2-A1DB-4A9C-8BDC-43E717E02780}.Debug|Any CPU.ActiveCfg = Debug|Any CPU
		{730A1CE2-A1DB-4A9C-8BDC-43E717E02780}.Debug|Any CPU.Build.0 = Debug|Any CPU
		{730A1CE2-A1DB-4A9C-8BDC-43E717E02780}.Release|Any CPU.ActiveCfg = Release|Any CPU
		{730A1CE2-A1DB-4A9C-8BDC-43E717E02780}.Release|Any CPU.Build.0 = Release|Any CPU
	EndGlobalSection
	GlobalSection(SolutionProperties) = preSolution
		HideSolutionNode = FALSE
	EndGlobalSection
	GlobalSection(ExtensibilityGlobals) = postSolution
		SolutionGuid = {532D4BDA-AD2B-4026-97CB-487CF83890AC}
	EndGlobalSection
EndGlobal
